{
  "name": "translator",
  "version": "1.0.0",
  "lockfileVersion": 2,
  "requires": true,
  "packages": {
    "": {
      "name": "translator",
      "version": "1.0.0",
      "license": "ISC",
      "dependencies": {
        "@ensdomains/eth-ens-namehash": "^2.0.15"
      }
    },
    "node_modules/@ensdomains/eth-ens-namehash": {
      "version": "2.0.15",
      "resolved": "https://registry.npmjs.org/@ensdomains/eth-ens-namehash/-/eth-ens-namehash-2.0.15.tgz",
      "integrity": "sha512-JRDFP6+Hczb1E0/HhIg0PONgBYasfGfDheujmfxaZaAv/NAH4jE6Kf48WbqfRZdxt4IZI3jl3Ri7sZ1nP09lgw=="
    }
  },
  "dependencies": {
    "@ensdomains/eth-ens-namehash": {
      "version": "2.0.15",
      "resolved": "https://registry.npmjs.org/@ensdomains/eth-ens-namehash/-/eth-ens-namehash-2.0.15.tgz",
      "integrity": "sha512-JRDFP6+Hczb1E0/HhIg0PONgBYasfGfDheujmfxaZaAv/NAH4jE6Kf48WbqfRZdxt4IZI3jl3Ri7sZ1nP09lgw=="
    }
  }
}
